{
  "name": "filter-country-dial-code-flag",
  "version": "1.0.1",
  "lockfileVersion": 2,
  "requires": true,
  "packages": {
    "": {
      "name": "filter-country-dial-code-flag",
      "version": "1.0.1",
      "license": "ISC",
      "dependencies": {
        "country-list-with-dial-code-and-flag": "^1.0.3",
        "fs": "^0.0.1-security"
      }
    },
    "node_modules/country-list-with-dial-code-and-flag": {
      "version": "1.0.3",
      "resolved": "https://registry.npmjs.org/country-list-with-dial-code-and-flag/-/country-list-with-dial-code-and-flag-1.0.3.tgz",
      "integrity": "sha512-jqL77vvhN8KKMhkgjjC/RLr3IzpHG6rwlJDZJZBSh6TPmK88Si+lOIJ830sgodRCNGv6xzv0yS3wRs/ZbU6Yjg=="
    },
    "node_modules/fs": {
      "version": "0.0.1-security",
      "resolved": "https://registry.npmjs.org/fs/-/fs-0.0.1-security.tgz",
      "integrity": "sha512-3XY9e1pP0CVEUCdj5BmfIZxRBTSDycnbqhIOGec9QYtmVH2fbLpj86CFWkrNOkt/Fvty4KZG5lTglL9j/gJ87w=="
    }
  },
  "dependencies": {
    "country-list-with-dial-code-and-flag": {
      "version": "1.0.3",
      "resolved": "https://registry.npmjs.org/country-list-with-dial-code-and-flag/-/country-list-with-dial-code-and-flag-1.0.3.tgz",
      "integrity": "sha512-jqL77vvhN8KKMhkgjjC/RLr3IzpHG6rwlJDZJZBSh6TPmK88Si+lOIJ830sgodRCNGv6xzv0yS3wRs/ZbU6Yjg=="
    },
    "fs": {
      "version": "0.0.1-security",
      "resolved": "https://registry.npmjs.org/fs/-/fs-0.0.1-security.tgz",
      "integrity": "sha512-3XY9e1pP0CVEUCdj5BmfIZxRBTSDycnbqhIOGec9QYtmVH2fbLpj86CFWkrNOkt/Fvty4KZG5lTglL9j/gJ87w=="
    }
  }
}
