{
  "name": "filter-country-dial-code-flag",
  "version": "1.0.0",
  "lockfileVersion": 2,
  "requires": true,
  "packages": {
    "": {
      "name": "filter-country-dial-code-flag",
      "version": "1.0.0",
      "license": "ISC",
      "dependencies": {
        "country-list-with-dial-code-and-flag": "^1.0.3"
      }
    },
    "node_modules/country-list-with-dial-code-and-flag": {
      "version": "1.0.3",
      "resolved": "https://registry.npmjs.org/country-list-with-dial-code-and-flag/-/country-list-with-dial-code-and-flag-1.0.3.tgz",
      "integrity": "sha512-jqL77vvhN8KKMhkgjjC/RLr3IzpHG6rwlJDZJZBSh6TPmK88Si+lOIJ830sgodRCNGv6xzv0yS3wRs/ZbU6Yjg=="
    }
  },
  "dependencies": {
    "country-list-with-dial-code-and-flag": {
      "version": "1.0.3",
      "resolved": "https://registry.npmjs.org/country-list-with-dial-code-and-flag/-/country-list-with-dial-code-and-flag-1.0.3.tgz",
      "integrity": "sha512-jqL77vvhN8KKMhkgjjC/RLr3IzpHG6rwlJDZJZBSh6TPmK88Si+lOIJ830sgodRCNGv6xzv0yS3wRs/ZbU6Yjg=="
    }
  }
}
